{
  "name": "ng8uikit",
  "version": "0.0.0",
  "lockfileVersion": 1,
  "requires": true,
  "dependencies": {
    "@angular/animations": {
      "version": "12.0.4",
      "resolved": "https://registry.npmjs.org/@angular/animations/-/animations-12.0.4.tgz",
      "integrity": "sha512-lpKVhTb77p23jmfiwA4hhaHDC5sO3qU8lDvQ+ePrSZ660WBckBEXzwYdqhaOmmMjQJZpJPPoP5QF5XExLGltaQ==",
      "requires": {
        "tslib": "^2.1.0"
      }
    },
    "@angular/common": {
      "version": "12.0.4",
      "resolved": "https://registry.npmjs.org/@angular/common/-/common-12.0.4.tgz",
      "integrity": "sha512-P0l5OcDdJhsURakJXxV9tGbicY8a6fEBsB+9f4iTEm36Q1FO0/7RhMMlwUDBlNK37P1oi7pEUA0mRcFIx9TOLA==",
      "requires": {
        "tslib": "^2.1.0"
      }
    },
    "@angular/compiler": {
      "version": "12.0.4",
      "resolved": "https://registry.npmjs.org/@angular/compiler/-/compiler-12.0.4.tgz",
      "integrity": "sha512-D/vYeRn3yTM6cgEwlMmp/WNJyDPMVrbOfNfc2nUcpHYuy/QcrjNde6QzNJjeNnyZlWRmWcE1VxwoX8+8xJdbzg==",
      "requires": {
        "tslib": "^2.1.0"
      }
    },
    "@angular/core": {
      "version": "12.0.4",
      "resolved": "https://registry.npmjs.org/@angular/core/-/core-12.0.4.tgz",
      "integrity": "sha512-KYFcFDot89F65CN3MzMEFoUPCVEZUkSQCLyxWfJAJT56Vtik6r91w6qwprFJ2wRk7SJ7018NLFwjZQIElj0s8A==",
      "requires": {
        "tslib": "^2.1.0"
      }
    },
    "@angular/forms": {
      "version": "12.0.4",
      "resolved": "https://registry.npmjs.org/@angular/forms/-/forms-12.0.4.tgz",
      "integrity": "sha512-700j7RNGdQhGrIUMwSgP1DxT35JlYmAdmmKK2mZl2bfQwZw1xKwyG9XgbLGiaJbFoG3nLLiUgJFonA+xS4nU6w==",
      "requires": {
        "tslib": "^2.1.0"
      }
    },
    "@angular/platform-browser": {
      "version": "12.0.4",
      "resolved": "https://registry.npmjs.org/@angular/platform-browser/-/platform-browser-12.0.4.tgz",
      "integrity": "sha512-Wp8NSGZdbX1rHwnwaB3qijJ5rFmZ+BIOsCZDgZR18NZrF+R+npAm276/uM4g8n8KqRUbQkBeuWCPMfZNjwMY8g==",
      "requires": {
        "tslib": "^2.1.0"
      }
    },
    "@angular/platform-browser-dynamic": {
      "version": "12.0.4",
      "resolved": "https://registry.npmjs.org/@angular/platform-browser-dynamic/-/platform-browser-dynamic-12.0.4.tgz",
      "integrity": "sha512-vmqpjEH0XXLZ7iG/Q8R8CCzIbTVMcr6CEICjWXDZx+gdCUROhmbQT8/bEPVclRDAPePEQQ8A+nNIX7RPYji+1g==",
      "requires": {
        "tslib": "^2.1.0"
      }
    },
    "@angular/router": {
      "version": "12.0.4",
      "resolved": "https://registry.npmjs.org/@angular/router/-/router-12.0.4.tgz",
      "integrity": "sha512-gDZlOu/kOZ6TLTqUpVMQ7M8KntaGYtkZAbyEdFfC0vKhXMC9IKLv5phMzBJ+J+jPHt1D6DI6bPHgOTiKAiwIQQ==",
      "requires": {
        "tslib": "^2.1.0"
      }
    },
    "jquery": {
      "version": "3.6.0",
      "resolved": "https://registry.npmjs.org/jquery/-/jquery-3.6.0.tgz",
      "integrity": "sha512-JVzAR/AjBvVt2BmYhxRCSYysDsPcssdmTFnzyLEts9qNwmjmu4JTAMYubEfwVOSwpQ1I1sKKFcxhZCI2buerfw=="
    },
    "rxjs": {
      "version": "6.6.7",
      "resolved": "https://registry.npmjs.org/rxjs/-/rxjs-6.6.7.tgz",
      "integrity": "sha512-hTdwr+7yYNIT5n4AMYp85KA6yw2Va0FLa3Rguvbpa4W3I5xynaBZo41cM3XM+4Q6fRMj3sBYIR1VAmZMXYJvRQ==",
      "requires": {
        "tslib": "^1.9.0"
      },
      "dependencies": {
        "tslib": {
          "version": "1.14.1",
          "resolved": "https://registry.npmjs.org/tslib/-/tslib-1.14.1.tgz",
          "integrity": "sha512-Xni35NKzjgMrwevysHTCArtLDpPvye8zV/0E4EyYn43P7/7qvQwPh9BGkHewbMulVntbigmcT7rdX3BNo9wRJg=="
        }
      }
    },
    "tslib": {
      "version": "2.3.0",
      "resolved": "https://registry.npmjs.org/tslib/-/tslib-2.3.0.tgz",
      "integrity": "sha512-N82ooyxVNm6h1riLCoyS9e3fuJ3AMG2zIZs2Gd1ATcSFjSA23Q0fzjjZeh0jbJvWVDZ0cJT8yaNNaaXHzueNjg=="
    },
    "uikit": {
      "version": "3.6.22",
      "resolved": "https://registry.npmjs.org/uikit/-/uikit-3.6.22.tgz",
      "integrity": "sha512-c8jz0lzvGPrPbOG4K5HvOCgUe7i9A6blZmMq2M/EYqoY7FT9dBayGFZYbBeio2s9WCpADIcCAj2QX/5L3EByOQ=="
    },
    "zone.js": {
      "version": "0.11.4",
      "resolved": "https://registry.npmjs.org/zone.js/-/zone.js-0.11.4.tgz",
      "integrity": "sha512-DDh2Ab+A/B+9mJyajPjHFPWfYU1H+pdun4wnnk0OcQTNjem1XQSZ2CDW+rfZEUDjv5M19SBqAkjZi0x5wuB5Qw==",
      "requires": {
        "tslib": "^2.0.0"
      }
    }
  }
}
